
Microsoft Visual Studio Solution File, Format Version 12.00
# Visual Studio Version 16
VisualStudioVersion = 16.0.30621.155
MinimumVisualStudioVersion = 10.0.40219.1
Project("{FAE04EC0-301F-11D3-BF4B-00C04F79EFBC}") = "MoviesAPI", "MoviesAPI\MoviesAPI.csproj", "{397D7E23-81A8-4867-8BFA-83D91A4A1C9A}"
EndProject
Project("{FAE04EC0-301F-11D3-BF4B-00C04F79EFBC}") = "MovieTests", "MovieTests\MovieTests.csproj", "{627FC541-DA8C-4699-B316-6E9C85159CF7}"
EndProject
Global
	GlobalSection(SolutionConfigurationPlatforms) = preSolution
		Debug|Any CPU = Debug|Any CPU
		Release|Any CPU = Release|Any CPU
	EndGlobalSection
	GlobalSection(ProjectConfigurationPlatforms) = postSolution
		{397D7E23-81A8-4867-8BFA-83D91A4A1C9A}.Debug|Any CPU.ActiveCfg = Debug|Any CPU
		{397D7E23-81A8-4867-8BFA-83D91A4A1C9A}.Debug|Any CPU.Build.0 = Debug|Any CPU
		{397D7E23-81A8-4867-8BFA-83D91A4A1C9A}.Release|Any CPU.ActiveCfg = Release|Any CPU
		{397D7E23-81A8-4867-8BFA-83D91A4A1C9A}.Release|Any CPU.Build.0 = Release|Any CPU
		{627FC541-DA8C-4699-B316-6E9C85159CF7}.Debug|Any CPU.ActiveCfg = Debug|Any CPU
		{627FC541-DA8C-4699-B316-6E9C85159CF7}.Debug|Any CPU.Build.0 = Debug|Any CPU
		{627FC541-DA8C-4699-B316-6E9C85159CF7}.Release|Any CPU.ActiveCfg = Release|Any CPU
		{627FC541-DA8C-4699-B316-6E9C85159CF7}.Release|Any CPU.Build.0 = Release|Any CPU
	EndGlobalSection
	GlobalSection(SolutionProperties) = preSolution
		HideSolutionNode = FALSE
	EndGlobalSection
	GlobalSection(ExtensibilityGlobals) = postSolution
		SolutionGuid = {F0F407AD-1F08-4505-9F9E-E674F3190A3B}
	EndGlobalSection
EndGlobal
